
Microsoft Visual Studio Solution File, Format Version 12.00
# Visual Studio Version 17
VisualStudioVersion = 17.10.35122.118
MinimumVisualStudioVersion = 10.0.40219.1
Project("{2150E333-8FDC-42A3-9474-1A3956D46DE8}") = "src", "src", "{887BAF45-5090-4092-855A-61985CBB1CDA}"
EndProject
Project("{2150E333-8FDC-42A3-9474-1A3956D46DE8}") = "test", "test", "{F5EA1BD7-4D08-4E07-8EBA-C1622902191F}"
EndProject
Project("{2150E333-8FDC-42A3-9474-1A3956D46DE8}") = "Core", "Core", "{C0D8F137-E28C-4CA8-920A-2227D7D2003C}"
EndProject
Project("{2150E333-8FDC-42A3-9474-1A3956D46DE8}") = "Infrastracture", "Infrastracture", "{17E44F8F-CADB-488F-8A15-AA41993167F0}"
EndProject
Project("{2150E333-8FDC-42A3-9474-1A3956D46DE8}") = "UI", "UI", "{EA71FA5A-6027-4AE4-AC9C-DACE438FF4F9}"
EndProject
Project("{2150E333-8FDC-42A3-9474-1A3956D46DE8}") = "Api", "Api", "{EF1094E2-677F-478E-84CD-4253E2DC4622}"
EndProject
Project("{FAE04EC0-301F-11D3-BF4B-00C04F79EFBC}") = "Domain", "Domain\Domain.csproj", "{E9C2A6D6-49B7-4C0C-83D4-65CE01C06CC5}"
EndProject
Project("{FAE04EC0-301F-11D3-BF4B-00C04F79EFBC}") = "Application", "Application\Application.csproj", "{C2AD7477-147C-478A-A034-F16A231F2BBC}"
EndProject
Project("{FAE04EC0-301F-11D3-BF4B-00C04F79EFBC}") = "Presistence", "Presistence\Presistence.csproj", "{C4CFDBF9-45E9-4103-9E1B-54DD345656B2}"
EndProject
Project("{FAE04EC0-301F-11D3-BF4B-00C04F79EFBC}") = "LearnCQRSAPI", "LearnCQRSAPI\LearnCQRSAPI.csproj", "{40FD7AEF-79FB-4F1F-A60F-4C928291E23F}"
EndProject
Global
	GlobalSection(SolutionConfigurationPlatforms) = preSolution
		Debug|Any CPU = Debug|Any CPU
		Release|Any CPU = Release|Any CPU
	EndGlobalSection
	GlobalSection(ProjectConfigurationPlatforms) = postSolution
		{E9C2A6D6-49B7-4C0C-83D4-65CE01C06CC5}.Debug|Any CPU.ActiveCfg = Debug|Any CPU
		{E9C2A6D6-49B7-4C0C-83D4-65CE01C06CC5}.Debug|Any CPU.Build.0 = Debug|Any CPU
		{E9C2A6D6-49B7-4C0C-83D4-65CE01C06CC5}.Release|Any CPU.ActiveCfg = Release|Any CPU
		{E9C2A6D6-49B7-4C0C-83D4-65CE01C06CC5}.Release|Any CPU.Build.0 = Release|Any CPU
		{C2AD7477-147C-478A-A034-F16A231F2BBC}.Debug|Any CPU.ActiveCfg = Debug|Any CPU
		{C2AD7477-147C-478A-A034-F16A231F2BBC}.Debug|Any CPU.Build.0 = Debug|Any CPU
		{C2AD7477-147C-478A-A034-F16A231F2BBC}.Release|Any CPU.ActiveCfg = Release|Any CPU
		{C2AD7477-147C-478A-A034-F16A231F2BBC}.Release|Any CPU.Build.0 = Release|Any CPU
		{C4CFDBF9-45E9-4103-9E1B-54DD345656B2}.Debug|Any CPU.ActiveCfg = Debug|Any CPU
		{C4CFDBF9-45E9-4103-9E1B-54DD345656B2}.Debug|Any CPU.Build.0 = Debug|Any CPU
		{C4CFDBF9-45E9-4103-9E1B-54DD345656B2}.Release|Any CPU.ActiveCfg = Release|Any CPU
		{C4CFDBF9-45E9-4103-9E1B-54DD345656B2}.Release|Any CPU.Build.0 = Release|Any CPU
		{40FD7AEF-79FB-4F1F-A60F-4C928291E23F}.Debug|Any CPU.ActiveCfg = Debug|Any CPU
		{40FD7AEF-79FB-4F1F-A60F-4C928291E23F}.Debug|Any CPU.Build.0 = Debug|Any CPU
		{40FD7AEF-79FB-4F1F-A60F-4C928291E23F}.Release|Any CPU.ActiveCfg = Release|Any CPU
		{40FD7AEF-79FB-4F1F-A60F-4C928291E23F}.Release|Any CPU.Build.0 = Release|Any CPU
	EndGlobalSection
	GlobalSection(SolutionProperties) = preSolution
		HideSolutionNode = FALSE
	EndGlobalSection
	GlobalSection(NestedProjects) = preSolution
		{C0D8F137-E28C-4CA8-920A-2227D7D2003C} = {887BAF45-5090-4092-855A-61985CBB1CDA}
		{17E44F8F-CADB-488F-8A15-AA41993167F0} = {887BAF45-5090-4092-855A-61985CBB1CDA}
		{EA71FA5A-6027-4AE4-AC9C-DACE438FF4F9} = {887BAF45-5090-4092-855A-61985CBB1CDA}
		{EF1094E2-677F-478E-84CD-4253E2DC4622} = {887BAF45-5090-4092-855A-61985CBB1CDA}
		{E9C2A6D6-49B7-4C0C-83D4-65CE01C06CC5} = {C0D8F137-E28C-4CA8-920A-2227D7D2003C}
		{C2AD7477-147C-478A-A034-F16A231F2BBC} = {C0D8F137-E28C-4CA8-920A-2227D7D2003C}
		{C4CFDBF9-45E9-4103-9E1B-54DD345656B2} = {17E44F8F-CADB-488F-8A15-AA41993167F0}
		{40FD7AEF-79FB-4F1F-A60F-4C928291E23F} = {EF1094E2-677F-478E-84CD-4253E2DC4622}
	EndGlobalSection
	GlobalSection(ExtensibilityGlobals) = postSolution
		SolutionGuid = {12ABA2D2-C387-4D8B-B273-7A9603D5B3F7}
	EndGlobalSection
EndGlobal
